// !$*UTF8*$!
{
	archiveVersion = 1;
	classes = {
	};
	objectVersion = 46;
	objects = {

/* Begin PBXBuildFile section */
		1F6A02579BBA5ACBF448219C /* Pods_CoolPhysics2D_Tests.framework in Frameworks */ = {isa = PBXBuildFile; fileRef = 52C37A7CFCD911B0477127B2 /* Pods_CoolPhysics2D_Tests.framework */; };
		34241CE993855EA313D7BA21 /* Pods_CoolPhysics2D_Example.framework in Frameworks */ = {isa = PBXBuildFile; fileRef = 0EEDD0D207021A7202B90224 /* Pods_CoolPhysics2D_Example.framework */; };
		4281AEA61C1431F40025DC4F /* BouncingBallView.mm in Sources */ = {isa = PBXBuildFile; fileRef = 4281AE9E1C1431F40025DC4F /* BouncingBallView.mm */; };
		4281AEA71C1431F40025DC4F /* BouncingBallViewController.mm in Sources */ = {isa = PBXBuildFile; fileRef = 4281AEA01C1431F40025DC4F /* BouncingBallViewController.mm */; };
		4281AEE71C1439210025DC4F /* LaunchScreen.xib in Resources */ = {isa = PBXBuildFile; fileRef = 4281AEE61C1439210025DC4F /* LaunchScreen.xib */; };
		6003F58E195388D20070C39A /* Foundation.framework in Frameworks */ = {isa = PBXBuildFile; fileRef = 6003F58D195388D20070C39A /* Foundation.framework */; };
		6003F590195388D20070C39A /* CoreGraphics.framework in Frameworks */ = {isa = PBXBuildFile; fileRef = 6003F58F195388D20070C39A /* CoreGraphics.framework */; };
		6003F592195388D20070C39A /* UIKit.framework in Frameworks */ = {isa = PBXBuildFile; fileRef = 6003F591195388D20070C39A /* UIKit.framework */; };
		6003F598195388D20070C39A /* InfoPlist.strings in Resources */ = {isa = PBXBuildFile; fileRef = 6003F596195388D20070C39A /* InfoPlist.strings */; };
		6003F59A195388D20070C39A /* main.m in Sources */ = {isa = PBXBuildFile; fileRef = 6003F599195388D20070C39A /* main.m */; };
		6003F59E195388D20070C39A /* CP2DAppDelegate.mm in Sources */ = {isa = PBXBuildFile; fileRef = 6003F59D195388D20070C39A /* CP2DAppDelegate.mm */; };
		6003F5A7195388D20070C39A /* CP2DViewController.mm in Sources */ = {isa = PBXBuildFile; fileRef = 6003F5A6195388D20070C39A /* CP2DViewController.mm */; };
		6003F5A9195388D20070C39A /* Images.xcassets in Resources */ = {isa = PBXBuildFile; fileRef = 6003F5A8195388D20070C39A /* Images.xcassets */; };
		6003F5B0195388D20070C39A /* XCTest.framework in Frameworks */ = {isa = PBXBuildFile; fileRef = 6003F5AF195388D20070C39A /* XCTest.framework */; };
		6003F5B1195388D20070C39A /* Foundation.framework in Frameworks */ = {isa = PBXBuildFile; fileRef = 6003F58D195388D20070C39A /* Foundation.framework */; };
		6003F5B2195388D20070C39A /* UIKit.framework in Frameworks */ = {isa = PBXBuildFile; fileRef = 6003F591195388D20070C39A /* UIKit.framework */; };
		6003F5BA195388D20070C39A /* InfoPlist.strings in Resources */ = {isa = PBXBuildFile; fileRef = 6003F5B8195388D20070C39A /* InfoPlist.strings */; };
		6003F5BC195388D20070C39A /* Tests.m in Sources */ = {isa = PBXBuildFile; fileRef = 6003F5BB195388D20070C39A /* Tests.m */; };
		873B8AEB1B1F5CCA007FD442 /* Main.storyboard in Resources */ = {isa = PBXBuildFile; fileRef = 873B8AEA1B1F5CCA007FD442 /* Main.storyboard */; };
		A973C5AF1C4B916800F8F1D3 /* WaveView.mm in Sources */ = {isa = PBXBuildFile; fileRef = A973C5AE1C4B916800F8F1D3 /* WaveView.mm */; };
		A973C5B21C4B91F900F8F1D3 /* WaveViewController.mm in Sources */ = {isa = PBXBuildFile; fileRef = A973C5B11C4B91F900F8F1D3 /* WaveViewController.mm */; };
		A9A9E5DD1C466D0800FAA29F /* FireworkView.mm in Sources */ = {isa = PBXBuildFile; fileRef = A9A9E5DC1C466D0800FAA29F /* FireworkView.mm */; };
		A9A9E5EA1C466DCF00FAA29F /* FireworkViewController.mm in Sources */ = {isa = PBXBuildFile; fileRef = A9A9E5E91C466DCF00FAA29F /* FireworkViewController.mm */; };
		A9E84CBE1C465F0900BA0FEB /* HaloView.mm in Sources */ = {isa = PBXBuildFile; fileRef = A9E84CBB1C465F0900BA0FEB /* HaloView.mm */; };
		A9E84CBF1C465F0900BA0FEB /* HaloViewController.mm in Sources */ = {isa = PBXBuildFile; fileRef = A9E84CBD1C465F0900BA0FEB /* HaloViewController.mm */; };
/* End PBXBuildFile section */

/* Begin PBXContainerItemProxy section */
		6003F5B3195388D20070C39A /* PBXContainerItemProxy */ = {
			isa = PBXContainerItemProxy;
			containerPortal = 6003F582195388D10070C39A /* Project object */;
			proxyType = 1;
			remoteGlobalIDString = 6003F589195388D20070C39A;
			remoteInfo = CoolPhysics2D;
		};
		A961747C1C44F32200F32DCA /* PBXContainerItemProxy */ = {
			isa = PBXContainerItemProxy;
			containerPortal = A96174671C44F32200F32DCA /* Pods.xcodeproj */;
			proxyType = 2;
			remoteGlobalIDString = C15EE12201E6B90A63BC931B58048E4A;
			remoteInfo = "Pods-CoolPhysics2D_Example";
		};
		A961747E1C44F32200F32DCA /* PBXContainerItemProxy */ = {
			isa = PBXContainerItemProxy;
			containerPortal = A96174671C44F32200F32DCA /* Pods.xcodeproj */;
			proxyType = 2;
			remoteGlobalIDString = B39AEB5C36D0D4A70E36FFA030603EF1;
			remoteInfo = "Pods-CoolPhysics2D_Tests";
		};
		C56925571ED1D87500757135 /* PBXContainerItemProxy */ = {
			isa = PBXContainerItemProxy;
			containerPortal = A96174671C44F32200F32DCA /* Pods.xcodeproj */;
			proxyType = 2;
			remoteGlobalIDString = DB3CB4F6953775D0C1809447B542CEF7;
			remoteInfo = CoolPhysics2D;
		};
		C56925591ED1D87500757135 /* PBXContainerItemProxy */ = {
			isa = PBXContainerItemProxy;
			containerPortal = A96174671C44F32200F32DCA /* Pods.xcodeproj */;
			proxyType = 2;
			remoteGlobalIDString = B0A6F09BED204C50C0EF2FD213D22053;
			remoteInfo = "CoolPhysics2D-CoolPhysics2D";
		};
		C569255B1ED1D87500757135 /* PBXContainerItemProxy */ = {
			isa = PBXContainerItemProxy;
			containerPortal = A96174671C44F32200F32DCA /* Pods.xcodeproj */;
			proxyType = 2;
			remoteGlobalIDString = F1F4D362597F72E0258DBF69C57C50A9;
			remoteInfo = Expecta;
		};
		C569255D1ED1D87500757135 /* PBXContainerItemProxy */ = {
			isa = PBXContainerItemProxy;
			containerPortal = A96174671C44F32200F32DCA /* Pods.xcodeproj */;
			proxyType = 2;
			remoteGlobalIDString = 87B48CA0C40302934F332D5AC7231522;
			remoteInfo = "Expecta+Snapshots";
		};
		C569255F1ED1D87500757135 /* PBXContainerItemProxy */ = {
			isa = PBXContainerItemProxy;
			containerPortal = A96174671C44F32200F32DCA /* Pods.xcodeproj */;
			proxyType = 2;
			remoteGlobalIDString = 7E414BD3A0E166E2D7C6B346DA3284DE;
			remoteInfo = FBSnapshotTestCase;
		};
		C56925611ED1D87500757135 /* PBXContainerItemProxy */ = {
			isa = PBXContainerItemProxy;
			containerPortal = A96174671C44F32200F32DCA /* Pods.xcodeproj */;
			proxyType = 2;
			remoteGlobalIDString = AC7D095BB50C5C3125D8562484BB4E03;
			remoteInfo = Specta;
		};
/* End PBXContainerItemProxy section */

/* Begin PBXFileReference section */
		0CFCF5F867875C1044D5419F /* README.md */ = {isa = PBXFileReference; includeInIndex = 1; lastKnownFileType = net.daringfireball.markdown; name = README.md; path = ../README.md; sourceTree = "<group>"; };
		0EEDD0D207021A7202B90224 /* Pods_CoolPhysics2D_Example.framework */ = {isa = PBXFileReference; explicitFileType = wrapper.framework; includeInIndex = 0; path = Pods_CoolPhysics2D_Example.framework; sourceTree = BUILT_PRODUCTS_DIR; };
		4281AE9D1C1431F40025DC4F /* BouncingBallView.h */ = {isa = PBXFileReference; fileEncoding = 4; lastKnownFileType = sourcecode.c.h; path = BouncingBallView.h; sourceTree = "<group>"; };
		4281AE9E1C1431F40025DC4F /* BouncingBallView.mm */ = {isa = PBXFileReference; fileEncoding = 4; lastKnownFileType = sourcecode.cpp.objcpp; path = BouncingBallView.mm; sourceTree = "<group>"; };
		4281AE9F1C1431F40025DC4F /* BouncingBallViewController.h */ = {isa = PBXFileReference; fileEncoding = 4; lastKnownFileType = sourcecode.c.h; path = BouncingBallViewController.h; sourceTree = "<group>"; };
		4281AEA01C1431F40025DC4F /* BouncingBallViewController.mm */ = {isa = PBXFileReference; fileEncoding = 4; lastKnownFileType = sourcecode.cpp.objcpp; path = BouncingBallViewController.mm; sourceTree = "<group>"; };
		4281AEE61C1439210025DC4F /* LaunchScreen.xib */ = {isa = PBXFileReference; fileEncoding = 4; lastKnownFileType = file.xib; path = LaunchScreen.xib; sourceTree = "<group>"; };
		52C37A7CFCD911B0477127B2 /* Pods_CoolPhysics2D_Tests.framework */ = {isa = PBXFileReference; explicitFileType = wrapper.framework; includeInIndex = 0; path = Pods_CoolPhysics2D_Tests.framework; sourceTree = BUILT_PRODUCTS_DIR; };
		6003F58A195388D20070C39A /* CoolPhysics2D_Example.app */ = {isa = PBXFileReference; explicitFileType = wrapper.application; includeInIndex = 0; path = CoolPhysics2D_Example.app; sourceTree = BUILT_PRODUCTS_DIR; };
		6003F58D195388D20070C39A /* Foundation.framework */ = {isa = PBXFileReference; lastKnownFileType = wrapper.framework; name = Foundation.framework; path = System/Library/Frameworks/Foundation.framework; sourceTree = SDKROOT; };
		6003F58F195388D20070C39A /* CoreGraphics.framework */ = {isa = PBXFileReference; lastKnownFileType = wrapper.framework; name = CoreGraphics.framework; path = System/Library/Frameworks/CoreGraphics.framework; sourceTree = SDKROOT; };
		6003F591195388D20070C39A /* UIKit.framework */ = {isa = PBXFileReference; lastKnownFileType = wrapper.framework; name = UIKit.framework; path = System/Library/Frameworks/UIKit.framework; sourceTree = SDKROOT; };
		6003F595195388D20070C39A /* CoolPhysics2D-Info.plist */ = {isa = PBXFileReference; lastKnownFileType = text.plist.xml; path = "CoolPhysics2D-Info.plist"; sourceTree = "<group>"; };
		6003F597195388D20070C39A /* en */ = {isa = PBXFileReference; lastKnownFileType = text.plist.strings; name = en; path = en.lproj/InfoPlist.strings; sourceTree = "<group>"; };
		6003F599195388D20070C39A /* main.m */ = {isa = PBXFileReference; lastKnownFileType = sourcecode.c.objc; path = main.m; sourceTree = "<group>"; };
		6003F59B195388D20070C39A /* CoolPhysics2D-Prefix.pch */ = {isa = PBXFileReference; lastKnownFileType = sourcecode.c.h; path = "CoolPhysics2D-Prefix.pch"; sourceTree = "<group>"; };
		6003F59C195388D20070C39A /* CP2DAppDelegate.h */ = {isa = PBXFileReference; lastKnownFileType = sourcecode.c.h; path = CP2DAppDelegate.h; sourceTree = "<group>"; };
		6003F59D195388D20070C39A /* CP2DAppDelegate.mm */ = {isa = PBXFileReference; lastKnownFileType = sourcecode.cpp.objcpp; path = CP2DAppDelegate.mm; sourceTree = "<group>"; };
		6003F5A5195388D20070C39A /* CP2DViewController.h */ = {isa = PBXFileReference; lastKnownFileType = sourcecode.c.h; path = CP2DViewController.h; sourceTree = "<group>"; };
		6003F5A6195388D20070C39A /* CP2DViewController.mm */ = {isa = PBXFileReference; lastKnownFileType = sourcecode.cpp.objcpp; path = CP2DViewController.mm; sourceTree = "<group>"; };
		6003F5A8195388D20070C39A /* Images.xcassets */ = {isa = PBXFileReference; lastKnownFileType = folder.assetcatalog; path = Images.xcassets; sourceTree = "<group>"; };
		6003F5AE195388D20070C39A /* CoolPhysics2D_Tests.xctest */ = {isa = PBXFileReference; explicitFileType = wrapper.cfbundle; includeInIndex = 0; path = CoolPhysics2D_Tests.xctest; sourceTree = BUILT_PRODUCTS_DIR; };
		6003F5AF195388D20070C39A /* XCTest.framework */ = {isa = PBXFileReference; lastKnownFileType = wrapper.framework; name = XCTest.framework; path = Library/Frameworks/XCTest.framework; sourceTree = DEVELOPER_DIR; };
		6003F5B7195388D20070C39A /* Tests-Info.plist */ = {isa = PBXFileReference; lastKnownFileType = text.plist.xml; path = "Tests-Info.plist"; sourceTree = "<group>"; };
		6003F5B9195388D20070C39A /* en */ = {isa = PBXFileReference; lastKnownFileType = text.plist.strings; name = en; path = en.lproj/InfoPlist.strings; sourceTree = "<group>"; };
		6003F5BB195388D20070C39A /* Tests.m */ = {isa = PBXFileReference; lastKnownFileType = sourcecode.c.objc; path = Tests.m; sourceTree = "<group>"; };
		606FC2411953D9B200FFA9A0 /* Tests-Prefix.pch */ = {isa = PBXFileReference; lastKnownFileType = sourcecode.c.h; path = "Tests-Prefix.pch"; sourceTree = "<group>"; };
		66B39E50246BB8DC363E023A /* Pods-CoolPhysics2D_Example.release.xcconfig */ = {isa = PBXFileReference; includeInIndex = 1; lastKnownFileType = text.xcconfig; name = "Pods-CoolPhysics2D_Example.release.xcconfig"; path = "Pods/Target Support Files/Pods-CoolPhysics2D_Example/Pods-CoolPhysics2D_Example.release.xcconfig"; sourceTree = "<group>"; };
		873B8AEA1B1F5CCA007FD442 /* Main.storyboard */ = {isa = PBXFileReference; fileEncoding = 4; lastKnownFileType = file.storyboard; path = Main.storyboard; sourceTree = "<group>"; };
		A2EF13B0B8CDC7DE6DF3F11A /* Pods-CoolPhysics2D_Example.debug.xcconfig */ = {isa = PBXFileReference; includeInIndex = 1; lastKnownFileType = text.xcconfig; name = "Pods-CoolPhysics2D_Example.debug.xcconfig"; path = "Pods/Target Support Files/Pods-CoolPhysics2D_Example/Pods-CoolPhysics2D_Example.debug.xcconfig"; sourceTree = "<group>"; };
		A4BE657987DB91FF7A98FC60 /* LICENSE */ = {isa = PBXFileReference; includeInIndex = 1; lastKnownFileType = text; name = LICENSE; path = ../LICENSE; sourceTree = "<group>"; };
		A96174671C44F32200F32DCA /* Pods.xcodeproj */ = {isa = PBXFileReference; lastKnownFileType = "wrapper.pb-project"; name = Pods.xcodeproj; path = Pods/Pods.xcodeproj; sourceTree = "<group>"; };
		A973C5AD1C4B914400F8F1D3 /* WaveView.h */ = {isa = PBXFileReference; lastKnownFileType = sourcecode.c.h; path = WaveView.h; sourceTree = "<group>"; };
		A973C5AE1C4B916800F8F1D3 /* WaveView.mm */ = {isa = PBXFileReference; fileEncoding = 4; lastKnownFileType = sourcecode.cpp.objcpp; path = WaveView.mm; sourceTree = "<group>"; };
		A973C5B01C4B91F900F8F1D3 /* WaveViewController.h */ = {isa = PBXFileReference; fileEncoding = 4; lastKnownFileType = sourcecode.c.h; path = WaveViewController.h; sourceTree = "<group>"; };
		A973C5B11C4B91F900F8F1D3 /* WaveViewController.mm */ = {isa = PBXFileReference; fileEncoding = 4; lastKnownFileType = sourcecode.cpp.objcpp; path = WaveViewController.mm; sourceTree = "<group>"; };
		A9A9E5DB1C466D0800FAA29F /* FireworkView.h */ = {isa = PBXFileReference; fileEncoding = 4; lastKnownFileType = sourcecode.c.h; path = FireworkView.h; sourceTree = "<group>"; };
		A9A9E5DC1C466D0800FAA29F /* FireworkView.mm */ = {isa = PBXFileReference; fileEncoding = 4; lastKnownFileType = sourcecode.cpp.objcpp; path = FireworkView.mm; sourceTree = "<group>"; };
		A9A9E5E81C466DCF00FAA29F /* FireworkViewController.h */ = {isa = PBXFileReference; fileEncoding = 4; lastKnownFileType = sourcecode.c.h; path = FireworkViewController.h; sourceTree = "<group>"; };
		A9A9E5E91C466DCF00FAA29F /* FireworkViewController.mm */ = {isa = PBXFileReference; fileEncoding = 4; lastKnownFileType = sourcecode.cpp.objcpp; path = FireworkViewController.mm; sourceTree = "<group>"; };
		A9E84CBA1C465F0900BA0FEB /* HaloView.h */ = {isa = PBXFileReference; fileEncoding = 4; lastKnownFileType = sourcecode.c.h; path = HaloView.h; sourceTree = "<group>"; };
		A9E84CBB1C465F0900BA0FEB /* HaloView.mm */ = {isa = PBXFileReference; fileEncoding = 4; lastKnownFileType = sourcecode.cpp.objcpp; path = HaloView.mm; sourceTree = "<group>"; };
		A9E84CBC1C465F0900BA0FEB /* HaloViewController.h */ = {isa = PBXFileReference; fileEncoding = 4; lastKnownFileType = sourcecode.c.h; path = HaloViewController.h; sourceTree = "<group>"; };
		A9E84CBD1C465F0900BA0FEB /* HaloViewController.mm */ = {isa = PBXFileReference; fileEncoding = 4; lastKnownFileType = sourcecode.cpp.objcpp; path = HaloViewController.mm; sourceTree = "<group>"; };
		C9588F37EE518C3E3D83189C /* Pods-CoolPhysics2D_Tests.release.xcconfig */ = {isa = PBXFileReference; includeInIndex = 1; lastKnownFileType = text.xcconfig; name = "Pods-CoolPhysics2D_Tests.release.xcconfig"; path = "Pods/Target Support Files/Pods-CoolPhysics2D_Tests/Pods-CoolPhysics2D_Tests.release.xcconfig"; sourceTree = "<group>"; };
		D61CCA23B030D0707A743914 /* Pods-CoolPhysics2D_Tests.debug.xcconfig */ = {isa = PBXFileReference; includeInIndex = 1; lastKnownFileType = text.xcconfig; name = "Pods-CoolPhysics2D_Tests.debug.xcconfig"; path = "Pods/Target Support Files/Pods-CoolPhysics2D_Tests/Pods-CoolPhysics2D_Tests.debug.xcconfig"; sourceTree = "<group>"; };
		E70F6808D480B2AA09B3D405 /* CoolPhysics2D.podspec */ = {isa = PBXFileReference; includeInIndex = 1; lastKnownFileType = text; name = CoolPhysics2D.podspec; path = ../CoolPhysics2D.podspec; sourceTree = "<group>"; };
/* End PBXFileReference section */

/* Begin PBXFrameworksBuildPhase section */
		6003F587195388D20070C39A /* Frameworks */ = {
			isa = PBXFrameworksBuildPhase;
			buildActionMask = 2147483647;
			files = (
				6003F590195388D20070C39A /* CoreGraphics.framework in Frameworks */,
				6003F592195388D20070C39A /* UIKit.framework in Frameworks */,
				6003F58E195388D20070C39A /* Foundation.framework in Frameworks */,
				34241CE993855EA313D7BA21 /* Pods_CoolPhysics2D_Example.framework in Frameworks */,
			);
			runOnlyForDeploymentPostprocessing = 0;
		};
		6003F5AB195388D20070C39A /* Frameworks */ = {
			isa = PBXFrameworksBuildPhase;
			buildActionMask = 2147483647;
			files = (
				6003F5B0195388D20070C39A /* XCTest.framework in Frameworks */,
				6003F5B2195388D20070C39A /* UIKit.framework in Frameworks */,
				6003F5B1195388D20070C39A /* Foundation.framework in Frameworks */,
				1F6A02579BBA5ACBF448219C /* Pods_CoolPhysics2D_Tests.framework in Frameworks */,
			);
			runOnlyForDeploymentPostprocessing = 0;
		};
/* End PBXFrameworksBuildPhase section */

/* Begin PBXGroup section */
		26F932BE17AB422F317C37EF /* Pods */ = {
			isa = PBXGroup;
			children = (
				A2EF13B0B8CDC7DE6DF3F11A /* Pods-CoolPhysics2D_Example.debug.xcconfig */,
				66B39E50246BB8DC363E023A /* Pods-CoolPhysics2D_Example.release.xcconfig */,
				D61CCA23B030D0707A743914 /* Pods-CoolPhysics2D_Tests.debug.xcconfig */,
				C9588F37EE518C3E3D83189C /* Pods-CoolPhysics2D_Tests.release.xcconfig */,
			);
			name = Pods;
			sourceTree = "<group>";
		};
		4281AE9C1C1431F40025DC4F /* BouncingBall */ = {
			isa = PBXGroup;
			children = (
				4281AE9D1C1431F40025DC4F /* BouncingBallView.h */,
				4281AE9E1C1431F40025DC4F /* BouncingBallView.mm */,
				4281AE9F1C1431F40025DC4F /* BouncingBallViewController.h */,
				4281AEA01C1431F40025DC4F /* BouncingBallViewController.mm */,
			);
			path = BouncingBall;
			sourceTree = "<group>";
		};
		6003F581195388D10070C39A = {
			isa = PBXGroup;
			children = (
				60FF7A9C1954A5C5007DD14C /* Podspec Metadata */,
				6003F593195388D20070C39A /* Example for CoolPhysics2D */,
				6003F5B5195388D20070C39A /* Tests */,
				6003F58C195388D20070C39A /* Frameworks */,
				6003F58B195388D20070C39A /* Products */,
				26F932BE17AB422F317C37EF /* Pods */,
			);
			sourceTree = "<group>";
		};
		6003F58B195388D20070C39A /* Products */ = {
			isa = PBXGroup;
			children = (
				6003F58A195388D20070C39A /* CoolPhysics2D_Example.app */,
				6003F5AE195388D20070C39A /* CoolPhysics2D_Tests.xctest */,
			);
			name = Products;
			sourceTree = "<group>";
		};
		6003F58C195388D20070C39A /* Frameworks */ = {
			isa = PBXGroup;
			children = (
				A96174671C44F32200F32DCA /* Pods.xcodeproj */,
				6003F58D195388D20070C39A /* Foundation.framework */,
				6003F58F195388D20070C39A /* CoreGraphics.framework */,
				6003F591195388D20070C39A /* UIKit.framework */,
				6003F5AF195388D20070C39A /* XCTest.framework */,
				0EEDD0D207021A7202B90224 /* Pods_CoolPhysics2D_Example.framework */,
				52C37A7CFCD911B0477127B2 /* Pods_CoolPhysics2D_Tests.framework */,
			);
			name = Frameworks;
			sourceTree = "<group>";
		};
		6003F593195388D20070C39A /* Example for CoolPhysics2D */ = {
			isa = PBXGroup;
			children = (
				A973C5AC1C4B90D300F8F1D3 /* wave */,
				A9E84CC01C466B4A00BA0FEB /* Firework */,
				A9E84CB91C465F0900BA0FEB /* halo */,
				4281AE9C1C1431F40025DC4F /* BouncingBall */,
				6003F59C195388D20070C39A /* CP2DAppDelegate.h */,
				6003F59D195388D20070C39A /* CP2DAppDelegate.mm */,
				873B8AEA1B1F5CCA007FD442 /* Main.storyboard */,
				4281AEE61C1439210025DC4F /* LaunchScreen.xib */,
				6003F5A5195388D20070C39A /* CP2DViewController.h */,
				6003F5A6195388D20070C39A /* CP2DViewController.mm */,
				6003F5A8195388D20070C39A /* Images.xcassets */,
				6003F594195388D20070C39A /* Supporting Files */,
			);
			name = "Example for CoolPhysics2D";
			path = CoolPhysics2D;
			sourceTree = "<group>";
		};
		6003F594195388D20070C39A /* Supporting Files */ = {
			isa = PBXGroup;
			children = (
				6003F595195388D20070C39A /* CoolPhysics2D-Info.plist */,
				6003F596195388D20070C39A /* InfoPlist.strings */,
				6003F599195388D20070C39A /* main.m */,
				6003F59B195388D20070C39A /* CoolPhysics2D-Prefix.pch */,
			);
			name = "Supporting Files";
			sourceTree = "<group>";
		};
		6003F5B5195388D20070C39A /* Tests */ = {
			isa = PBXGroup;
			children = (
				6003F5BB195388D20070C39A /* Tests.m */,
				6003F5B6195388D20070C39A /* Supporting Files */,
			);
			path = Tests;
			sourceTree = "<group>";
		};
		6003F5B6195388D20070C39A /* Supporting Files */ = {
			isa = PBXGroup;
			children = (
				6003F5B7195388D20070C39A /* Tests-Info.plist */,
				6003F5B8195388D20070C39A /* InfoPlist.strings */,
				606FC2411953D9B200FFA9A0 /* Tests-Prefix.pch */,
			);
			name = "Supporting Files";
			sourceTree = "<group>";
		};
		60FF7A9C1954A5C5007DD14C /* Podspec Metadata */ = {
			isa = PBXGroup;
			children = (
				E70F6808D480B2AA09B3D405 /* CoolPhysics2D.podspec */,
				0CFCF5F867875C1044D5419F /* README.md */,
				A4BE657987DB91FF7A98FC60 /* LICENSE */,
			);
			name = "Podspec Metadata";
			sourceTree = "<group>";
		};
		A96174681C44F32200F32DCA /* Products */ = {
			isa = PBXGroup;
			children = (
				C56925581ED1D87500757135 /* CoolPhysics2D.framework */,
				C569255A1ED1D87500757135 /* CoolPhysics2D.bundle */,
				C569255C1ED1D87500757135 /* Expecta.framework */,
				C569255E1ED1D87500757135 /* Expecta_Snapshots.framework */,
				C56925601ED1D87500757135 /* FBSnapshotTestCase.framework */,
				A961747D1C44F32200F32DCA /* Pods_CoolPhysics2D_Example.framework */,
				A961747F1C44F32200F32DCA /* Pods_CoolPhysics2D_Tests.framework */,
				C56925621ED1D87500757135 /* Specta.framework */,
			);
			name = Products;
			sourceTree = "<group>";
		};
		A973C5AC1C4B90D300F8F1D3 /* wave */ = {
			isa = PBXGroup;
			children = (
				A973C5AD1C4B914400F8F1D3 /* WaveView.h */,
				A973C5AE1C4B916800F8F1D3 /* WaveView.mm */,
				A973C5B01C4B91F900F8F1D3 /* WaveViewController.h */,
				A973C5B11C4B91F900F8F1D3 /* WaveViewController.mm */,
			);
			path = wave;
			sourceTree = "<group>";
		};
		A9E84CB91C465F0900BA0FEB /* halo */ = {
			isa = PBXGroup;
			children = (
				A9E84CBA1C465F0900BA0FEB /* HaloView.h */,
				A9E84CBB1C465F0900BA0FEB /* HaloView.mm */,
				A9E84CBC1C465F0900BA0FEB /* HaloViewController.h */,
				A9E84CBD1C465F0900BA0FEB /* HaloViewController.mm */,
			);
			path = halo;
			sourceTree = "<group>";
		};
		A9E84CC01C466B4A00BA0FEB /* Firework */ = {
			isa = PBXGroup;
			children = (
				A9A9E5DB1C466D0800FAA29F /* FireworkView.h */,
				A9A9E5DC1C466D0800FAA29F /* FireworkView.mm */,
				A9A9E5E81C466DCF00FAA29F /* FireworkViewController.h */,
				A9A9E5E91C466DCF00FAA29F /* FireworkViewController.mm */,
			);
			path = Firework;
			sourceTree = "<group>";
		};
/* End PBXGroup section */

/* Begin PBXNativeTarget section */
		6003F589195388D20070C39A /* CoolPhysics2D_Example */ = {
			isa = PBXNativeTarget;
			buildConfigurationList = 6003F5BF195388D20070C39A /* Build configuration list for PBXNativeTarget "CoolPhysics2D_Example" */;
			buildPhases = (
				9D9FD98ED37CBF28BF2E4C21 /* [CP] Check Pods Manifest.lock */,
				6003F586195388D20070C39A /* Sources */,
				6003F587195388D20070C39A /* Frameworks */,
				6003F588195388D20070C39A /* Resources */,
				E4DE46BC93874E96D31B3D7A /* [CP] Embed Pods Frameworks */,
				BC70A299EFC8E8C8DA507B97 /* [CP] Copy Pods Resources */,
			);
			buildRules = (
			);
			dependencies = (
			);
			name = CoolPhysics2D_Example;
			productName = CoolPhysics2D;
			productReference = 6003F58A195388D20070C39A /* CoolPhysics2D_Example.app */;
			productType = "com.apple.product-type.application";
		};
		6003F5AD195388D20070C39A /* CoolPhysics2D_Tests */ = {
			isa = PBXNativeTarget;
			buildConfigurationList = 6003F5C2195388D20070C39A /* Build configuration list for PBXNativeTarget "CoolPhysics2D_Tests" */;
			buildPhases = (
				17475506E9F88E060966D919 /* [CP] Check Pods Manifest.lock */,
				6003F5AA195388D20070C39A /* Sources */,
				6003F5AB195388D20070C39A /* Frameworks */,
				6003F5AC195388D20070C39A /* Resources */,
				370573CEB216624DA1AEB27C /* [CP] Embed Pods Frameworks */,
				DCD80B753AB454B1BE770988 /* [CP] Copy Pods Resources */,
			);
			buildRules = (
			);
			dependencies = (
				6003F5B4195388D20070C39A /* PBXTargetDependency */,
			);
			name = CoolPhysics2D_Tests;
			productName = CoolPhysics2DTests;
			productReference = 6003F5AE195388D20070C39A /* CoolPhysics2D_Tests.xctest */;
			productType = "com.apple.product-type.bundle.unit-test";
		};
/* End PBXNativeTarget section */

/* Begin PBXProject section */
		6003F582195388D10070C39A /* Project object */ = {
			isa = PBXProject;
			attributes = {
				CLASSPREFIX = CP2D;
				LastSwiftUpdateCheck = 0720;
				LastUpgradeCheck = 0720;
				ORGANIZATIONNAME = luqyluqe;
				TargetAttributes = {
					6003F5AD195388D20070C39A = {
						TestTargetID = 6003F589195388D20070C39A;
					};
				};
			};
			buildConfigurationList = 6003F585195388D10070C39A /* Build configuration list for PBXProject "CoolPhysics2D" */;
			compatibilityVersion = "Xcode 3.2";
			developmentRegion = English;
			hasScannedForEncodings = 0;
			knownRegions = (
				en,
				Base,
			);
			mainGroup = 6003F581195388D10070C39A;
			productRefGroup = 6003F58B195388D20070C39A /* Products */;
			projectDirPath = "";
			projectReferences = (
				{
					ProductGroup = A96174681C44F32200F32DCA /* Products */;
					ProjectRef = A96174671C44F32200F32DCA /* Pods.xcodeproj */;
				},
			);
			projectRoot = "";
			targets = (
				6003F589195388D20070C39A /* CoolPhysics2D_Example */,
				6003F5AD195388D20070C39A /* CoolPhysics2D_Tests */,
			);
		};
/* End PBXProject section */

/* Begin PBXReferenceProxy section */
		A961747D1C44F32200F32DCA /* Pods_CoolPhysics2D_Example.framework */ = {
			isa = PBXReferenceProxy;
			fileType = wrapper.framework;
			path = Pods_CoolPhysics2D_Example.framework;
			remoteRef = A961747C1C44F32200F32DCA /* PBXContainerItemProxy */;
			sourceTree = BUILT_PRODUCTS_DIR;
		};
		A961747F1C44F32200F32DCA /* Pods_CoolPhysics2D_Tests.framework */ = {
			isa = PBXReferenceProxy;
			fileType = wrapper.framework;
			path = Pods_CoolPhysics2D_Tests.framework;
			remoteRef = A961747E1C44F32200F32DCA /* PBXContainerItemProxy */;
			sourceTree = BUILT_PRODUCTS_DIR;
		};
		C56925581ED1D87500757135 /* CoolPhysics2D.framework */ = {
			isa = PBXReferenceProxy;
			fileType = wrapper.framework;
			path = CoolPhysics2D.framework;
			remoteRef = C56925571ED1D87500757135 /* PBXContainerItemProxy */;
			sourceTree = BUILT_PRODUCTS_DIR;
		};
		C569255A1ED1D87500757135 /* CoolPhysics2D.bundle */ = {
			isa = PBXReferenceProxy;
			fileType = wrapper.cfbundle;
			path = CoolPhysics2D.bundle;
			remoteRef = C56925591ED1D87500757135 /* PBXContainerItemProxy */;
			sourceTree = BUILT_PRODUCTS_DIR;
		};
		C569255C1ED1D87500757135 /* Expecta.framework */ = {
			isa = PBXReferenceProxy;
			fileType = wrapper.framework;
			path = Expecta.framework;
			remoteRef = C569255B1ED1D87500757135 /* PBXContainerItemProxy */;
			sourceTree = BUILT_PRODUCTS_DIR;
		};
		C569255E1ED1D87500757135 /* Expecta_Snapshots.framework */ = {
			isa = PBXReferenceProxy;
			fileType = wrapper.framework;
			path = Expecta_Snapshots.framework;
			remoteRef = C569255D1ED1D87500757135 /* PBXContainerItemProxy */;
			sourceTree = BUILT_PRODUCTS_DIR;
		};
		C56925601ED1D87500757135 /* FBSnapshotTestCase.framework */ = {
			isa = PBXReferenceProxy;
			fileType = wrapper.framework;
			path = FBSnapshotTestCase.framework;
			remoteRef = C569255F1ED1D87500757135 /* PBXContainerItemProxy */;
			sourceTree = BUILT_PRODUCTS_DIR;
		};
		C56925621ED1D87500757135 /* Specta.framework */ = {
			isa = PBXReferenceProxy;
			fileType = wrapper.framework;
			path = Specta.framework;
			remoteRef = C56925611ED1D87500757135 /* PBXContainerItemProxy */;
			sourceTree = BUILT_PRODUCTS_DIR;
		};
/* End PBXReferenceProxy section */

/* Begin PBXResourcesBuildPhase section */
		6003F588195388D20070C39A /* Resources */ = {
			isa = PBXResourcesBuildPhase;
			buildActionMask = 2147483647;
			files = (
				873B8AEB1B1F5CCA007FD442 /* Main.storyboard in Resources */,
				6003F5A9195388D20070C39A /* Images.xcassets in Resources */,
				6003F598195388D20070C39A /* InfoPlist.strings in Resources */,
				4281AEE71C1439210025DC4F /* LaunchScreen.xib in Resources */,
			);
			runOnlyForDeploymentPostprocessing = 0;
		};
		6003F5AC195388D20070C39A /* Resources */ = {
			isa = PBXResourcesBuildPhase;
			buildActionMask = 2147483647;
			files = (
				6003F5BA195388D20070C39A /* InfoPlist.strings in Resources */,
			);
			runOnlyForDeploymentPostprocessing = 0;
		};
/* End PBXResourcesBuildPhase section */

/* Begin PBXShellScriptBuildPhase section */
		17475506E9F88E060966D919 /* [CP] Check Pods Manifest.lock */ = {
			isa = PBXShellScriptBuildPhase;
			buildActionMask = 2147483647;
			files = (
			);
			inputPaths = (
				"${PODS_PODFILE_DIR_PATH}/Podfile.lock",
				"${PODS_ROOT}/Manifest.lock",
			);
			name = "[CP] Check Pods Manifest.lock";
			outputPaths = (
				"$(DERIVED_FILE_DIR)/Pods-CoolPhysics2D_Tests-checkManifestLockResult.txt",
			);
			runOnlyForDeploymentPostprocessing = 0;
			shellPath = /bin/sh;
			shellScript = "diff \"${PODS_PODFILE_DIR_PATH}/Podfile.lock\" \"${PODS_ROOT}/Manifest.lock\" > /dev/null\nif [ $? != 0 ] ; then\n    # print error to STDERR\n    echo \"error: The sandbox is not in sync with the Podfile.lock. Run 'pod install' or update your CocoaPods installation.\" >&2\n    exit 1\nfi\n# This output is used by Xcode 'outputs' to avoid re-running this script phase.\necho \"SUCCESS\" > \"${SCRIPT_OUTPUT_FILE_0}\"\n";
			showEnvVarsInLog = 0;
		};
		370573CEB216624DA1AEB27C /* [CP] Embed Pods Frameworks */ = {
			isa = PBXShellScriptBuildPhase;
			buildActionMask = 2147483647;
			files = (
			);
			inputPaths = (
				"${SRCROOT}/Pods/Target Support Files/Pods-CoolPhysics2D_Tests/Pods-CoolPhysics2D_Tests-frameworks.sh",
				"${BUILT_PRODUCTS_DIR}/CoolPhysics2D-iOS7.1/CoolPhysics2D.framework",
				"${BUILT_PRODUCTS_DIR}/Expecta/Expecta.framework",
				"${BUILT_PRODUCTS_DIR}/Expecta+Snapshots/Expecta_Snapshots.framework",
				"${BUILT_PRODUCTS_DIR}/FBSnapshotTestCase/FBSnapshotTestCase.framework",
				"${BUILT_PRODUCTS_DIR}/Specta/Specta.framework",
			);
			name = "[CP] Embed Pods Frameworks";
			outputPaths = (
				"${TARGET_BUILD_DIR}/${FRAMEWORKS_FOLDER_PATH}/CoolPhysics2D.framework",
				"${TARGET_BUILD_DIR}/${FRAMEWORKS_FOLDER_PATH}/Expecta.framework",
				"${TARGET_BUILD_DIR}/${FRAMEWORKS_FOLDER_PATH}/Expecta_Snapshots.framework",
				"${TARGET_BUILD_DIR}/${FRAMEWORKS_FOLDER_PATH}/FBSnapshotTestCase.framework",
				"${TARGET_BUILD_DIR}/${FRAMEWORKS_FOLDER_PATH}/Specta.framework",
			);
			runOnlyForDeploymentPostprocessing = 0;
			shellPath = /bin/sh;
			shellScript = "\"${SRCROOT}/Pods/Target Support Files/Pods-CoolPhysics2D_Tests/Pods-CoolPhysics2D_Tests-frameworks.sh\"\n";
			showEnvVarsInLog = 0;
		};
		9D9FD98ED37CBF28BF2E4C21 /* [CP] Check Pods Manifest.lock */ = {
			isa = PBXShellScriptBuildPhase;
			buildActionMask = 2147483647;
			files = (
			);
			inputPaths = (
				"${PODS_PODFILE_DIR_PATH}/Podfile.lock",
				"${PODS_ROOT}/Manifest.lock",
			);
			name = "[CP] Check Pods Manifest.lock";
			outputPaths = (
				"$(DERIVED_FILE_DIR)/Pods-CoolPhysics2D_Example-checkManifestLockResult.txt",
			);
			runOnlyForDeploymentPostprocessing = 0;
			shellPath = /bin/sh;
			shellScript = "diff \"${PODS_PODFILE_DIR_PATH}/Podfile.lock\" \"${PODS_ROOT}/Manifest.lock\" > /dev/null\nif [ $? != 0 ] ; then\n    # print error to STDERR\n    echo \"error: The sandbox is not in sync with the Podfile.lock. Run 'pod install' or update your CocoaPods installation.\" >&2\n    exit 1\nfi\n# This output is used by Xcode 'outputs' to avoid re-running this script phase.\necho \"SUCCESS\" > \"${SCRIPT_OUTPUT_FILE_0}\"\n";
			showEnvVarsInLog = 0;
		};
		BC70A299EFC8E8C8DA507B97 /* [CP] Copy Pods Resources */ = {
			isa = PBXShellScriptBuildPhase;
			buildActionMask = 2147483647;
			files = (
			);
			inputPaths = (
			);
			name = "[CP] Copy Pods Resources";
			outputPaths = (
			);
			runOnlyForDeploymentPostprocessing = 0;
			shellPath = /bin/sh;
			shellScript = "\"${SRCROOT}/Pods/Target Support Files/Pods-CoolPhysics2D_Example/Pods-CoolPhysics2D_Example-resources.sh\"\n";
			showEnvVarsInLog = 0;
		};
		DCD80B753AB454B1BE770988 /* [CP] Copy Pods Resources */ = {
			isa = PBXShellScriptBuildPhase;
			buildActionMask = 2147483647;
			files = (
			);
			inputPaths = (
			);
			name = "[CP] Copy Pods Resources";
			outputPaths = (
			);
			runOnlyForDeploymentPostprocessing = 0;
			shellPath = /bin/sh;
			shellScript = "\"${SRCROOT}/Pods/Target Support Files/Pods-CoolPhysics2D_Tests/Pods-CoolPhysics2D_Tests-resources.sh\"\n";
			showEnvVarsInLog = 0;
		};
		E4DE46BC93874E96D31B3D7A /* [CP] Embed Pods Frameworks */ = {
			isa = PBXShellScriptBuildPhase;
			buildActionMask = 2147483647;
			files = (
			);
			inputPaths = (
				"${SRCROOT}/Pods/Target Support Files/Pods-CoolPhysics2D_Example/Pods-CoolPhysics2D_Example-frameworks.sh",
				"${BUILT_PRODUCTS_DIR}/CoolPhysics2D-iOS8.0/CoolPhysics2D.framework",
			);
			name = "[CP] Embed Pods Frameworks";
			outputPaths = (
				"${TARGET_BUILD_DIR}/${FRAMEWORKS_FOLDER_PATH}/CoolPhysics2D.framework",
			);
			runOnlyForDeploymentPostprocessing = 0;
			shellPath = /bin/sh;
			shellScript = "\"${SRCROOT}/Pods/Target Support Files/Pods-CoolPhysics2D_Example/Pods-CoolPhysics2D_Example-frameworks.sh\"\n";
			showEnvVarsInLog = 0;
		};
/* End PBXShellScriptBuildPhase section */

/* Begin PBXSourcesBuildPhase section */
		6003F586195388D20070C39A /* Sources */ = {
			isa = PBXSourcesBuildPhase;
			buildActionMask = 2147483647;
			files = (
				A9E84CBE1C465F0900BA0FEB /* HaloView.mm in Sources */,
				A9A9E5DD1C466D0800FAA29F /* FireworkView.mm in Sources */,
				6003F59E195388D20070C39A /* CP2DAppDelegate.mm in Sources */,
				A9A9E5EA1C466DCF00FAA29F /* FireworkViewController.mm in Sources */,
				4281AEA71C1431F40025DC4F /* BouncingBallViewController.mm in Sources */,
				A973C5AF1C4B916800F8F1D3 /* WaveView.mm in Sources */,
				6003F5A7195388D20070C39A /* CP2DViewController.mm in Sources */,
				A9E84CBF1C465F0900BA0FEB /* HaloViewController.mm in Sources */,
				4281AEA61C1431F40025DC4F /* BouncingBallView.mm in Sources */,
				6003F59A195388D20070C39A /* main.m in Sources */,
				A973C5B21C4B91F900F8F1D3 /* WaveViewController.mm in Sources */,
			);
			runOnlyForDeploymentPostprocessing = 0;
		};
		6003F5AA195388D20070C39A /* Sources */ = {
			isa = PBXSourcesBuildPhase;
			buildActionMask = 2147483647;
			files = (
				6003F5BC195388D20070C39A /* Tests.m in Sources */,
			);
			runOnlyForDeploymentPostprocessing = 0;
		};
/* End PBXSourcesBuildPhase section */

/* Begin PBXTargetDependency section */
		6003F5B4195388D20070C39A /* PBXTargetDependency */ = {
			isa = PBXTargetDependency;
			target = 6003F589195388D20070C39A /* CoolPhysics2D_Example */;
			targetProxy = 6003F5B3195388D20070C39A /* PBXContainerItemProxy */;
		};
/* End PBXTargetDependency section */

/* Begin PBXVariantGroup section */
		6003F596195388D20070C39A /* InfoPlist.strings */ = {
			isa = PBXVariantGroup;
			children = (
				6003F597195388D20070C39A /* en */,
			);
			name = InfoPlist.strings;
			sourceTree = "<group>";
		};
		6003F5B8195388D20070C39A /* InfoPlist.strings */ = {
			isa = PBXVariantGroup;
			children = (
				6003F5B9195388D20070C39A /* en */,
			);
			name = InfoPlist.strings;
			sourceTree = "<group>";
		};
/* End PBXVariantGroup section */

/* Begin XCBuildConfiguration section */
		6003F5BD195388D20070C39A /* Debug */ = {
			isa = XCBuildConfiguration;
			buildSettings = {
				ALWAYS_SEARCH_USER_PATHS = NO;
				CLANG_CXX_LANGUAGE_STANDARD = "gnu++0x";
				CLANG_CXX_LIBRARY = "libc++";
				CLANG_ENABLE_MODULES = YES;
				CLANG_ENABLE_OBJC_ARC = YES;
				CLANG_WARN_ASSIGN_ENUM = YES;
				CLANG_WARN_BOOL_CONVERSION = YES;
				CLANG_WARN_CONSTANT_CONVERSION = YES;
				CLANG_WARN_DIRECT_OBJC_ISA_USAGE = YES_ERROR;
				CLANG_WARN_EMPTY_BODY = YES;
				CLANG_WARN_ENUM_CONVERSION = YES;
				CLANG_WARN_IMPLICIT_SIGN_CONVERSION = YES;
				CLANG_WARN_INT_CONVERSION = YES;
				CLANG_WARN_NULLABLE_TO_NONNULL_CONVERSION = YES;
				CLANG_WARN_OBJC_ROOT_CLASS = YES_ERROR;
				CLANG_WARN_SUSPICIOUS_IMPLICIT_CONVERSION = YES;
				CLANG_WARN_UNREACHABLE_CODE = YES;
				CLANG_WARN__DUPLICATE_METHOD_MATCH = YES;
				"CODE_SIGN_IDENTITY[sdk=iphoneos*]" = "iPhone Developer";
				COPY_PHASE_STRIP = NO;
				ENABLE_TESTABILITY = YES;
				GCC_C_LANGUAGE_STANDARD = gnu99;
				GCC_DYNAMIC_NO_PIC = NO;
				GCC_OPTIMIZATION_LEVEL = 0;
				GCC_PREPROCESSOR_DEFINITIONS = (
					"DEBUG=1",
					"$(inherited)",
				);
				GCC_SYMBOLS_PRIVATE_EXTERN = NO;
				GCC_TREAT_IMPLICIT_FUNCTION_DECLARATIONS_AS_ERRORS = YES;
				GCC_TREAT_INCOMPATIBLE_POINTER_TYPE_WARNINGS_AS_ERRORS = YES;
				GCC_WARN_64_TO_32_BIT_CONVERSION = YES;
				GCC_WARN_ABOUT_MISSING_FIELD_INITIALIZERS = YES;
				GCC_WARN_ABOUT_MISSING_NEWLINE = NO;
				GCC_WARN_ABOUT_MISSING_PROTOTYPES = YES;
				GCC_WARN_ABOUT_RETURN_TYPE = YES_ERROR;
				GCC_WARN_INITIALIZER_NOT_FULLY_BRACKETED = YES;
				GCC_WARN_SHADOW = YES;
				GCC_WARN_SIGN_COMPARE = YES;
				GCC_WARN_UNDECLARED_SELECTOR = YES;
				GCC_WARN_UNINITIALIZED_AUTOS = YES_AGGRESSIVE;
				GCC_WARN_UNKNOWN_PRAGMAS = YES;
				GCC_WARN_UNUSED_FUNCTION = YES;
				GCC_WARN_UNUSED_LABEL = YES;
				GCC_WARN_UNUSED_PARAMETER = NO;
				GCC_WARN_UNUSED_VALUE = NO;
				GCC_WARN_UNUSED_VARIABLE = NO;
				IPHONEOS_DEPLOYMENT_TARGET = 7.1;
				ONLY_ACTIVE_ARCH = YES;
				SDKROOT = iphoneos;
				TARGETED_DEVICE_FAMILY = "1,2";
			};
			name = Debug;
		};
		6003F5BE195388D20070C39A /* Release */ = {
			isa = XCBuildConfiguration;
			buildSettings = {
				ALWAYS_SEARCH_USER_PATHS = NO;
				CLANG_CXX_LANGUAGE_STANDARD = "gnu++0x";
				CLANG_CXX_LIBRARY = "libc++";
				CLANG_ENABLE_MODULES = YES;
				CLANG_ENABLE_OBJC_ARC = YES;
				CLANG_WARN_ASSIGN_ENUM = YES;
				CLANG_WARN_BOOL_CONVERSION = YES;
				CLANG_WARN_CONSTANT_CONVERSION = YES;
				CLANG_WARN_DIRECT_OBJC_ISA_USAGE = YES_ERROR;
				CLANG_WARN_EMPTY_BODY = YES;
				CLANG_WARN_ENUM_CONVERSION = YES;
				CLANG_WARN_IMPLICIT_SIGN_CONVERSION = YES;
				CLANG_WARN_INT_CONVERSION = YES;
				CLANG_WARN_NULLABLE_TO_NONNULL_CONVERSION = YES;
				CLANG_WARN_OBJC_ROOT_CLASS = YES_ERROR;
				CLANG_WARN_SUSPICIOUS_IMPLICIT_CONVERSION = YES;
				CLANG_WARN_UNREACHABLE_CODE = YES;
				CLANG_WARN__DUPLICATE_METHOD_MATCH = YES;
				"CODE_SIGN_IDENTITY[sdk=iphoneos*]" = "iPhone Developer";
				COPY_PHASE_STRIP = YES;
				ENABLE_NS_ASSERTIONS = NO;
				GCC_C_LANGUAGE_STANDARD = gnu99;
				GCC_TREAT_IMPLICIT_FUNCTION_DECLARATIONS_AS_ERRORS = YES;
				GCC_TREAT_INCOMPATIBLE_POINTER_TYPE_WARNINGS_AS_ERRORS = YES;
				GCC_WARN_64_TO_32_BIT_CONVERSION = YES;
				GCC_WARN_ABOUT_MISSING_FIELD_INITIALIZERS = YES;
				GCC_WARN_ABOUT_MISSING_NEWLINE = NO;
				GCC_WARN_ABOUT_MISSING_PROTOTYPES = YES;
				GCC_WARN_ABOUT_RETURN_TYPE = YES_ERROR;
				GCC_WARN_INITIALIZER_NOT_FULLY_BRACKETED = YES;
				GCC_WARN_SHADOW = YES;
				GCC_WARN_SIGN_COMPARE = YES;
				GCC_WARN_UNDECLARED_SELECTOR = YES;
				GCC_WARN_UNINITIALIZED_AUTOS = YES_AGGRESSIVE;
				GCC_WARN_UNKNOWN_PRAGMAS = YES;
				GCC_WARN_UNUSED_FUNCTION = YES;
				GCC_WARN_UNUSED_LABEL = YES;
				GCC_WARN_UNUSED_PARAMETER = NO;
				GCC_WARN_UNUSED_VALUE = NO;
				GCC_WARN_UNUSED_VARIABLE = NO;
				IPHONEOS_DEPLOYMENT_TARGET = 7.1;
				SDKROOT = iphoneos;
				TARGETED_DEVICE_FAMILY = "1,2";
				VALIDATE_PRODUCT = YES;
			};
			name = Release;
		};
		6003F5C0195388D20070C39A /* Debug */ = {
			isa = XCBuildConfiguration;
			baseConfigurationReference = A2EF13B0B8CDC7DE6DF3F11A /* Pods-CoolPhysics2D_Example.debug.xcconfig */;
			buildSettings = {
				ASSETCATALOG_COMPILER_APPICON_NAME = AppIcon;
				ASSETCATALOG_COMPILER_LAUNCHIMAGE_NAME = LaunchImage;
				CLANG_ALLOW_NON_MODULAR_INCLUDES_IN_FRAMEWORK_MODULES = NO;
				FRAMEWORK_SEARCH_PATHS = "$(inherited)";
				GCC_PRECOMPILE_PREFIX_HEADER = YES;
				GCC_PREFIX_HEADER = "CoolPhysics2D/CoolPhysics2D-Prefix.pch";
				HEADER_SEARCH_PATHS = "$(PROJECT_DIR)/**";
				INFOPLIST_FILE = "CoolPhysics2D/CoolPhysics2D-Info.plist";
				IPHONEOS_DEPLOYMENT_TARGET = 8.0;
				MODULE_NAME = ExampleApp;
				PRODUCT_NAME = "$(TARGET_NAME)";
				WRAPPER_EXTENSION = app;
			};
			name = Debug;
		};
		6003F5C1195388D20070C39A /* Release */ = {
			isa = XCBuildConfiguration;
			baseConfigurationReference = 66B39E50246BB8DC363E023A /* Pods-CoolPhysics2D_Example.release.xcconfig */;
			buildSettings = {
				ASSETCATALOG_COMPILER_APPICON_NAME = AppIcon;
				ASSETCATALOG_COMPILER_LAUNCHIMAGE_NAME = LaunchImage;
				CLANG_ALLOW_NON_MODULAR_INCLUDES_IN_FRAMEWORK_MODULES = NO;
				FRAMEWORK_SEARCH_PATHS = "$(inherited)";
				GCC_PRECOMPILE_PREFIX_HEADER = YES;
				GCC_PREFIX_HEADER = "CoolPhysics2D/CoolPhysics2D-Prefix.pch";
				HEADER_SEARCH_PATHS = "$(PROJECT_DIR)/**";
				INFOPLIST_FILE = "CoolPhysics2D/CoolPhysics2D-Info.plist";
				IPHONEOS_DEPLOYMENT_TARGET = 8.0;
				MODULE_NAME = ExampleApp;
				PRODUCT_NAME = "$(TARGET_NAME)";
				WRAPPER_EXTENSION = app;
			};
			name = Release;
		};
		6003F5C3195388D20070C39A /* Debug */ = {
			isa = XCBuildConfiguration;
			baseConfigurationReference = D61CCA23B030D0707A743914 /* Pods-CoolPhysics2D_Tests.debug.xcconfig */;
			buildSettings = {
				BUNDLE_LOADER = "$(TEST_HOST)";
				FRAMEWORK_SEARCH_PATHS = (
					"$(SDKROOT)/Developer/Library/Frameworks",
					"$(inherited)",
					"$(DEVELOPER_FRAMEWORKS_DIR)",
				);
				GCC_PRECOMPILE_PREFIX_HEADER = YES;
				GCC_PREFIX_HEADER = "Tests/Tests-Prefix.pch";
				GCC_PREPROCESSOR_DEFINITIONS = (
					"DEBUG=1",
					"$(inherited)",
				);
				INFOPLIST_FILE = "Tests/Tests-Info.plist";
				PRODUCT_NAME = "$(TARGET_NAME)";
				TEST_HOST = "$(BUILT_PRODUCTS_DIR)/CoolPhysics2D_Example.app/CoolPhysics2D_Example";
				WRAPPER_EXTENSION = xctest;
			};
			name = Debug;
		};
		6003F5C4195388D20070C39A /* Release */ = {
			isa = XCBuildConfiguration;
			baseConfigurationReference = C9588F37EE518C3E3D83189C /* Pods-CoolPhysics2D_Tests.release.xcconfig */;
			buildSettings = {
				BUNDLE_LOADER = "$(TEST_HOST)";
				FRAMEWORK_SEARCH_PATHS = (
					"$(SDKROOT)/Developer/Library/Frameworks",
					"$(inherited)",
					"$(DEVELOPER_FRAMEWORKS_DIR)",
				);
				GCC_PRECOMPILE_PREFIX_HEADER = YES;
				GCC_PREFIX_HEADER = "Tests/Tests-Prefix.pch";
				INFOPLIST_FILE = "Tests/Tests-Info.plist";
				PRODUCT_NAME = "$(TARGET_NAME)";
				TEST_HOST = "$(BUILT_PRODUCTS_DIR)/CoolPhysics2D_Example.app/CoolPhysics2D_Example";
				WRAPPER_EXTENSION = xctest;
			};
			name = Release;
		};
/* End XCBuildConfiguration section */

/* Begin XCConfigurationList section */
		6003F585195388D10070C39A /* Build configuration list for PBXProject "CoolPhysics2D" */ = {
			isa = XCConfigurationList;
			buildConfigurations = (
				6003F5BD195388D20070C39A /* Debug */,
				6003F5BE195388D20070C39A /* Release */,
			);
			defaultConfigurationIsVisible = 0;
			defaultConfigurationName = Release;
		};
		6003F5BF195388D20070C39A /* Build configuration list for PBXNativeTarget "CoolPhysics2D_Example" */ = {
			isa = XCConfigurationList;
			buildConfigurations = (
				6003F5C0195388D20070C39A /* Debug */,
				6003F5C1195388D20070C39A /* Release */,
			);
			defaultConfigurationIsVisible = 0;
			defaultConfigurationName = Release;
		};
		6003F5C2195388D20070C39A /* Build configuration list for PBXNativeTarget "CoolPhysics2D_Tests" */ = {
			isa = XCConfigurationList;
			buildConfigurations = (
				6003F5C3195388D20070C39A /* Debug */,
				6003F5C4195388D20070C39A /* Release */,
			);
			defaultConfigurationIsVisible = 0;
			defaultConfigurationName = Release;
		};
/* End XCConfigurationList section */
	};
	rootObject = 6003F582195388D10070C39A /* Project object */;
}
